Microsoft Visual Studio Solution File, Format Version 12.00
# Visual Studio Version 17
VisualStudioVersion = 17.0.31903.59
MinimumVisualStudioVersion = 10.0.40219.1
Project("{9A19103F-16F7-4668-BE54-9A1E7A4F7556}") = "OuterloopLabApi", "OuterloopLabApi\\OuterloopLabApi.csproj", "{8C5D8B1A-7DB2-4C77-9E1F-2F0A6BEA1F1C}"
EndProject
Project("{9A19103F-16F7-4668-BE54-9A1E7A4F7556}") = "Tests", "Tests\\Tests.csproj", "{A8A7E4F6-4E4B-4F1E-8A0B-6AF5B1E5B2A8}"
EndProject
Global
    GlobalSection(SolutionConfigurationPlatforms) = preSolution
        Debug|Any CPU = Debug|Any CPU
        Release|Any CPU = Release|Any CPU
    EndGlobalSection
    GlobalSection(ProjectConfigurationPlatforms) = postSolution
        {8C5D8B1A-7DB2-4C77-9E1F-2F0A6BEA1F1C}.Debug|Any CPU.ActiveCfg = Debug|Any CPU
        {8C5D8B1A-7DB2-4C77-9E1F-2F0A6BEA1F1C}.Debug|Any CPU.Build.0 = Debug|Any CPU
        {8C5D8B1A-7DB2-4C77-9E1F-2F0A6BEA1F1C}.Release|Any CPU.ActiveCfg = Release|Any CPU
        {8C5D8B1A-7DB2-4C77-9E1F-2F0A6BEA1F1C}.Release|Any CPU.Build.0 = Release|Any CPU
        {A8A7E4F6-4E4B-4F1E-8A0B-6AF5B1E5B2A8}.Debug|Any CPU.ActiveCfg = Debug|Any CPU
        {A8A7E4F6-4E4B-4F1E-8A0B-6AF5B1E5B2A8}.Debug|Any CPU.Build.0 = Debug|Any CPU
        {A8A7E4F6-4E4B-4F1E-8A0B-6AF5B1E5B2A8}.Release|Any CPU.ActiveCfg = Release|Any CPU
        {A8A7E4F6-4E4B-4F1E-8A0B-6AF5B1E5B2A8}.Release|Any CPU.Build.0 = Release|Any CPU
    EndGlobalSection
    GlobalSection(SolutionProperties) = preSolution
        HideSolutionNode = FALSE
    EndGlobalSection
EndGlobal
